
Microsoft Visual Studio Solution File, Format Version 12.00
# Visual Studio Version 16
VisualStudioVersion = 16.0.31205.134
MinimumVisualStudioVersion = 10.0.40219.1
Project("{FAE04EC0-301F-11D3-BF4B-00C04F79EFBC}") = "PasswordManager", "PasswordManager\PasswordManager.csproj", "{F4A0B018-9817-43DB-A1F3-B71948BF51E0}"
EndProject
Project("{FAE04EC0-301F-11D3-BF4B-00C04F79EFBC}") = "Models", "Models\Models.csproj", "{5BDC3D59-5D27-4C56-9E09-D3040DA7A458}"
EndProject
Project("{FAE04EC0-301F-11D3-BF4B-00C04F79EFBC}") = "Features", "Features\Features.csproj", "{6E7DDEE2-0849-4A99-9AB3-3D36E70DE261}"
EndProject
Project("{FAE04EC0-301F-11D3-BF4B-00C04F79EFBC}") = "EmailService", "EmailService\EmailService.csproj", "{18A2C4F0-22A0-4414-82B5-0C1F1D18D40E}"
EndProject
Global
	GlobalSection(SolutionConfigurationPlatforms) = preSolution
		Debug|Any CPU = Debug|Any CPU
		Release|Any CPU = Release|Any CPU
	EndGlobalSection
	GlobalSection(ProjectConfigurationPlatforms) = postSolution
		{F4A0B018-9817-43DB-A1F3-B71948BF51E0}.Debug|Any CPU.ActiveCfg = Debug|Any CPU
		{F4A0B018-9817-43DB-A1F3-B71948BF51E0}.Debug|Any CPU.Build.0 = Debug|Any CPU
		{F4A0B018-9817-43DB-A1F3-B71948BF51E0}.Release|Any CPU.ActiveCfg = Release|Any CPU
		{F4A0B018-9817-43DB-A1F3-B71948BF51E0}.Release|Any CPU.Build.0 = Release|Any CPU
		{5BDC3D59-5D27-4C56-9E09-D3040DA7A458}.Debug|Any CPU.ActiveCfg = Debug|Any CPU
		{5BDC3D59-5D27-4C56-9E09-D3040DA7A458}.Debug|Any CPU.Build.0 = Debug|Any CPU
		{5BDC3D59-5D27-4C56-9E09-D3040DA7A458}.Release|Any CPU.ActiveCfg = Release|Any CPU
		{5BDC3D59-5D27-4C56-9E09-D3040DA7A458}.Release|Any CPU.Build.0 = Release|Any CPU
		{6E7DDEE2-0849-4A99-9AB3-3D36E70DE261}.Debug|Any CPU.ActiveCfg = Debug|Any CPU
		{6E7DDEE2-0849-4A99-9AB3-3D36E70DE261}.Debug|Any CPU.Build.0 = Debug|Any CPU
		{6E7DDEE2-0849-4A99-9AB3-3D36E70DE261}.Release|Any CPU.ActiveCfg = Release|Any CPU
		{6E7DDEE2-0849-4A99-9AB3-3D36E70DE261}.Release|Any CPU.Build.0 = Release|Any CPU
		{18A2C4F0-22A0-4414-82B5-0C1F1D18D40E}.Debug|Any CPU.ActiveCfg = Debug|Any CPU
		{18A2C4F0-22A0-4414-82B5-0C1F1D18D40E}.Debug|Any CPU.Build.0 = Debug|Any CPU
		{18A2C4F0-22A0-4414-82B5-0C1F1D18D40E}.Release|Any CPU.ActiveCfg = Release|Any CPU
		{18A2C4F0-22A0-4414-82B5-0C1F1D18D40E}.Release|Any CPU.Build.0 = Release|Any CPU
	EndGlobalSection
	GlobalSection(SolutionProperties) = preSolution
		HideSolutionNode = FALSE
	EndGlobalSection
	GlobalSection(ExtensibilityGlobals) = postSolution
		SolutionGuid = {97AEC6EC-D227-46CB-9C47-323DF0D1BDAD}
	EndGlobalSection
EndGlobal
